
Microsoft Visual Studio Solution File, Format Version 12.00
# Visual Studio Version 17
VisualStudioVersion = 17.1.32228.430
MinimumVisualStudioVersion = 10.0.40219.1
Project("{FAE04EC0-301F-11D3-BF4B-00C04F79EFBC}") = "currency_api_soap", "currency_api_soap.csproj", "{29E9BD81-B334-484F-8C0F-A311DA6E43CC}"
EndProject
Project("{FAE04EC0-301F-11D3-BF4B-00C04F79EFBC}") = "GeoPluginDeserialize", "GeoPluginDeserialize\GeoPluginDeserialize.csproj", "{3432B7E7-337E-402C-A027-0004DDA9C962}"
EndProject
Global
	GlobalSection(SolutionConfigurationPlatforms) = preSolution
		Debug|Any CPU = Debug|Any CPU
		Release|Any CPU = Release|Any CPU
	EndGlobalSection
	GlobalSection(ProjectConfigurationPlatforms) = postSolution
		{29E9BD81-B334-484F-8C0F-A311DA6E43CC}.Debug|Any CPU.ActiveCfg = Debug|Any CPU
		{29E9BD81-B334-484F-8C0F-A311DA6E43CC}.Debug|Any CPU.Build.0 = Debug|Any CPU
		{29E9BD81-B334-484F-8C0F-A311DA6E43CC}.Release|Any CPU.ActiveCfg = Release|Any CPU
		{29E9BD81-B334-484F-8C0F-A311DA6E43CC}.Release|Any CPU.Build.0 = Release|Any CPU
		{3432B7E7-337E-402C-A027-0004DDA9C962}.Debug|Any CPU.ActiveCfg = Debug|Any CPU
		{3432B7E7-337E-402C-A027-0004DDA9C962}.Debug|Any CPU.Build.0 = Debug|Any CPU
		{3432B7E7-337E-402C-A027-0004DDA9C962}.Release|Any CPU.ActiveCfg = Release|Any CPU
		{3432B7E7-337E-402C-A027-0004DDA9C962}.Release|Any CPU.Build.0 = Release|Any CPU
	EndGlobalSection
	GlobalSection(SolutionProperties) = preSolution
		HideSolutionNode = FALSE
	EndGlobalSection
	GlobalSection(ExtensibilityGlobals) = postSolution
		SolutionGuid = {5AA680B2-CAD4-48DB-A0B9-C4219FC1245A}
	EndGlobalSection
EndGlobal
